
Microsoft Visual Studio Solution File, Format Version 12.00
# Visual Studio Version 17
VisualStudioVersion = 17.11.35312.102
MinimumVisualStudioVersion = 10.0.40219.1
Project("{FAE04EC0-301F-11D3-BF4B-00C04F79EFBC}") = "01_MainProjectSubjects", "_01_MainProjectSubjects\01_MainProjectSubjects.csproj", "{13F1C997-3080-47F3-8293-07D6CDA237D6}"
EndProject
Project("{FAE04EC0-301F-11D3-BF4B-00C04F79EFBC}") = "02_Variables", "02_Variables\02_Variables.csproj", "{A96888AE-1842-4CE4-83E5-167E17FFC078}"
EndProject
Global
	GlobalSection(SolutionConfigurationPlatforms) = preSolution
		Debug|Any CPU = Debug|Any CPU
		Release|Any CPU = Release|Any CPU
	EndGlobalSection
	GlobalSection(ProjectConfigurationPlatforms) = postSolution
		{13F1C997-3080-47F3-8293-07D6CDA237D6}.Debug|Any CPU.ActiveCfg = Debug|Any CPU
		{13F1C997-3080-47F3-8293-07D6CDA237D6}.Debug|Any CPU.Build.0 = Debug|Any CPU
		{13F1C997-3080-47F3-8293-07D6CDA237D6}.Release|Any CPU.ActiveCfg = Release|Any CPU
		{13F1C997-3080-47F3-8293-07D6CDA237D6}.Release|Any CPU.Build.0 = Release|Any CPU
		{A96888AE-1842-4CE4-83E5-167E17FFC078}.Debug|Any CPU.ActiveCfg = Debug|Any CPU
		{A96888AE-1842-4CE4-83E5-167E17FFC078}.Debug|Any CPU.Build.0 = Debug|Any CPU
		{A96888AE-1842-4CE4-83E5-167E17FFC078}.Release|Any CPU.ActiveCfg = Release|Any CPU
		{A96888AE-1842-4CE4-83E5-167E17FFC078}.Release|Any CPU.Build.0 = Release|Any CPU
	EndGlobalSection
	GlobalSection(SolutionProperties) = preSolution
		HideSolutionNode = FALSE
	EndGlobalSection
	GlobalSection(ExtensibilityGlobals) = postSolution
		SolutionGuid = {5E3BAB88-5F2D-4172-99B4-46D5338B66A7}
	EndGlobalSection
EndGlobal
